// !$*UTF8*$!
{
	archiveVersion = 1;
	classes = {
	};
	objectVersion = 46;
	objects = {

/* Begin PBXBuildFile section */
		4DE1B0FC1A7740220004FF8C /* AppDelegate.swift in Sources */ = {isa = PBXBuildFile; fileRef = 4DE1B0FB1A7740220004FF8C /* AppDelegate.swift */; };
		4DE1B0FE1A7740220004FF8C /* ViewController.swift in Sources */ = {isa = PBXBuildFile; fileRef = 4DE1B0FD1A7740220004FF8C /* ViewController.swift */; };
		4DE1B1011A7740220004FF8C /* Main.storyboard in Resources */ = {isa = PBXBuildFile; fileRef = 4DE1B0FF1A7740220004FF8C /* Main.storyboard */; };
		4DE1B1031A7740220004FF8C /* Images.xcassets in Resources */ = {isa = PBXBuildFile; fileRef = 4DE1B1021A7740220004FF8C /* Images.xcassets */; };
		4DE1B1061A7740220004FF8C /* LaunchScreen.xib in Resources */ = {isa = PBXBuildFile; fileRef = 4DE1B1041A7740220004FF8C /* LaunchScreen.xib */; };
		4DE1B1121A7740220004FF8C /* CalculatorTests.swift in Sources */ = {isa = PBXBuildFile; fileRef = 4DE1B1111A7740220004FF8C /* CalculatorTests.swift */; };
/* End PBXBuildFile section */

/* Begin PBXContainerItemProxy section */
		4DE1B10C1A7740220004FF8C /* PBXContainerItemProxy */ = {
			isa = PBXContainerItemProxy;
			containerPortal = 4DE1B0EE1A7740220004FF8C /* Project object */;
			proxyType = 1;
			remoteGlobalIDString = 4DE1B0F51A7740220004FF8C;
			remoteInfo = Calculator;
		};
/* End PBXContainerItemProxy section */

/* Begin PBXFileReference section */
		4DE1B0F61A7740220004FF8C /* Calculator.app */ = {isa = PBXFileReference; explicitFileType = wrapper.application; includeInIndex = 0; path = Calculator.app; sourceTree = BUILT_PRODUCTS_DIR; };
		4DE1B0FA1A7740220004FF8C /* Info.plist */ = {isa = PBXFileReference; lastKnownFileType = text.plist.xml; path = Info.plist; sourceTree = "<group>"; };
		4DE1B0FB1A7740220004FF8C /* AppDelegate.swift */ = {isa = PBXFileReference; lastKnownFileType = sourcecode.swift; path = AppDelegate.swift; sourceTree = "<group>"; };
		4DE1B0FD1A7740220004FF8C /* ViewController.swift */ = {isa = PBXFileReference; lastKnownFileType = sourcecode.swift; path = ViewController.swift; sourceTree = "<group>"; };
		4DE1B1001A7740220004FF8C /* Base */ = {isa = PBXFileReference; lastKnownFileType = file.storyboard; name = Base; path = Base.lproj/Main.storyboard; sourceTree = "<group>"; };
		4DE1B1021A7740220004FF8C /* Images.xcassets */ = {isa = PBXFileReference; lastKnownFileType = folder.assetcatalog; path = Images.xcassets; sourceTree = "<group>"; };
		4DE1B1051A7740220004FF8C /* Base */ = {isa = PBXFileReference; lastKnownFileType = file.xib; name = Base; path = Base.lproj/LaunchScreen.xib; sourceTree = "<group>"; };
		4DE1B10B1A7740220004FF8C /* CalculatorTests.xctest */ = {isa = PBXFileReference; explicitFileType = wrapper.cfbundle; includeInIndex = 0; path = CalculatorTests.xctest; sourceTree = BUILT_PRODUCTS_DIR; };
		4DE1B1101A7740220004FF8C /* Info.plist */ = {isa = PBXFileReference; lastKnownFileType = text.plist.xml; path = Info.plist; sourceTree = "<group>"; };
		4DE1B1111A7740220004FF8C /* CalculatorTests.swift */ = {isa = PBXFileReference; lastKnownFileType = sourcecode.swift; path = CalculatorTests.swift; sourceTree = "<group>"; };
/* End PBXFileReference section */

/* Begin PBXFrameworksBuildPhase section */
		4DE1B0F31A7740220004FF8C /* Frameworks */ = {
			isa = PBXFrameworksBuildPhase;
			buildActionMask = 2147483647;
			files = (
			);
			runOnlyForDeploymentPostprocessing = 0;
		};
		4DE1B1081A7740220004FF8C /* Frameworks */ = {
			isa = PBXFrameworksBuildPhase;
			buildActionMask = 2147483647;
			files = (
			);
			runOnlyForDeploymentPostprocessing = 0;
		};
/* End PBXFrameworksBuildPhase section */

/* Begin PBXGroup section */
		4DE1B0ED1A7740220004FF8C = {
			isa = PBXGroup;
			children = (
				4DE1B0F81A7740220004FF8C /* Calculator */,
				4DE1B10E1A7740220004FF8C /* CalculatorTests */,
				4DE1B0F71A7740220004FF8C /* Products */,
			);
			sourceTree = "<group>";
		};
		4DE1B0F71A7740220004FF8C /* Products */ = {
			isa = PBXGroup;
			children = (
				4DE1B0F61A7740220004FF8C /* Calculator.app */,
				4DE1B10B1A7740220004FF8C /* CalculatorTests.xctest */,
			);
			name = Products;
			sourceTree = "<group>";
		};
		4DE1B0F81A7740220004FF8C /* Calculator */ = {
			isa = PBXGroup;
			children = (
				4DE1B0FD1A7740220004FF8C /* ViewController.swift */,
				4DE1B0FF1A7740220004FF8C /* Main.storyboard */,
				4DE1B0F91A7740220004FF8C /* Supporting Files */,
			);
			path = Calculator;
			sourceTree = "<group>";
		};
		4DE1B0F91A7740220004FF8C /* Supporting Files */ = {
			isa = PBXGroup;
			children = (
				4DE1B0FB1A7740220004FF8C /* AppDelegate.swift */,
				4DE1B1021A7740220004FF8C /* Images.xcassets */,
				4DE1B1041A7740220004FF8C /* LaunchScreen.xib */,
				4DE1B0FA1A7740220004FF8C /* Info.plist */,
			);
			name = "Supporting Files";
			sourceTree = "<group>";
		};
		4DE1B10E1A7740220004FF8C /* CalculatorTests */ = {
			isa = PBXGroup;
			children = (
				4DE1B1111A7740220004FF8C /* CalculatorTests.swift */,
				4DE1B10F1A7740220004FF8C /* Supporting Files */,
			);
			path = CalculatorTests;
			sourceTree = "<group>";
		};
		4DE1B10F1A7740220004FF8C /* Supporting Files */ = {
			isa = PBXGroup;
			children = (
				4DE1B1101A7740220004FF8C /* Info.plist */,
			);
			name = "Supporting Files";
			sourceTree = "<group>";
		};
/* End PBXGroup section */

/* Begin PBXNativeTarget section */
		4DE1B0F51A7740220004FF8C /* Calculator */ = {
			isa = PBXNativeTarget;
			buildConfigurationList = 4DE1B1151A7740220004FF8C /* Build configuration list for PBXNativeTarget "Calculator" */;
			buildPhases = (
				4DE1B0F21A7740220004FF8C /* Sources */,
				4DE1B0F31A7740220004FF8C /* Frameworks */,
				4DE1B0F41A7740220004FF8C /* Resources */,
			);
			buildRules = (
			);
			dependencies = (
			);
			name = Calculator;
			productName = Calculator;
			productReference = 4DE1B0F61A7740220004FF8C /* Calculator.app */;
			productType = "com.apple.product-type.application";
		};
		4DE1B10A1A7740220004FF8C /* CalculatorTests */ = {
			isa = PBXNativeTarget;
			buildConfigurationList = 4DE1B1181A7740220004FF8C /* Build configuration list for PBXNativeTarget "CalculatorTests" */;
			buildPhases = (
				4DE1B1071A7740220004FF8C /* Sources */,
				4DE1B1081A7740220004FF8C /* Frameworks */,
				4DE1B1091A7740220004FF8C /* Resources */,
			);
			buildRules = (
			);
			dependencies = (
				4DE1B10D1A7740220004FF8C /* PBXTargetDependency */,
			);
			name = CalculatorTests;
			productName = CalculatorTests;
			productReference = 4DE1B10B1A7740220004FF8C /* CalculatorTests.xctest */;
			productType = "com.apple.product-type.bundle.unit-test";
		};
/* End PBXNativeTarget section */

/* Begin PBXProject section */
		4DE1B0EE1A7740220004FF8C /* Project object */ = {
			isa = PBXProject;
			attributes = {
				LastUpgradeCheck = 0610;
				ORGANIZATIONNAME = "Mark Nichols";
				TargetAttributes = {
					4DE1B0F51A7740220004FF8C = {
						CreatedOnToolsVersion = 6.1.1;
					};
					4DE1B10A1A7740220004FF8C = {
						CreatedOnToolsVersion = 6.1.1;
						TestTargetID = 4DE1B0F51A7740220004FF8C;
					};
				};
			};
			buildConfigurationList = 4DE1B0F11A7740220004FF8C /* Build configuration list for PBXProject "Calculator" */;
			compatibilityVersion = "Xcode 3.2";
			developmentRegion = English;
			hasScannedForEncodings = 0;
			knownRegions = (
				en,
				Base,
			);
			mainGroup = 4DE1B0ED1A7740220004FF8C;
			productRefGroup = 4DE1B0F71A7740220004FF8C /* Products */;
			projectDirPath = "";
			projectRoot = "";
			targets = (
				4DE1B0F51A7740220004FF8C /* Calculator */,
				4DE1B10A1A7740220004FF8C /* CalculatorTests */,
			);
		};
/* End PBXProject section */

/* Begin PBXResourcesBuildPhase section */
		4DE1B0F41A7740220004FF8C /* Resources */ = {
			isa = PBXResourcesBuildPhase;
			buildActionMask = 2147483647;
			files = (
				4DE1B1011A7740220004FF8C /* Main.storyboard in Resources */,
				4DE1B1061A7740220004FF8C /* LaunchScreen.xib in Resources */,
				4DE1B1031A7740220004FF8C /* Images.xcassets in Resources */,
			);
			runOnlyForDeploymentPostprocessing = 0;
		};
		4DE1B1091A7740220004FF8C /* Resources */ = {
			isa = PBXResourcesBuildPhase;
			buildActionMask = 2147483647;
			files = (
			);
			runOnlyForDeploymentPostprocessing = 0;
		};
/* End PBXResourcesBuildPhase section */

/* Begin PBXSourcesBuildPhase section */
		4DE1B0F21A7740220004FF8C /* Sources */ = {
			isa = PBXSourcesBuildPhase;
			buildActionMask = 2147483647;
			files = (
				4DE1B0FE1A7740220004FF8C /* ViewController.swift in Sources */,
				4DE1B0FC1A7740220004FF8C /* AppDelegate.swift in Sources */,
			);
			runOnlyForDeploymentPostprocessing = 0;
		};
		4DE1B1071A7740220004FF8C /* Sources */ = {
			isa = PBXSourcesBuildPhase;
			buildActionMask = 2147483647;
			files = (
				4DE1B1121A7740220004FF8C /* CalculatorTests.swift in Sources */,
			);
			runOnlyForDeploymentPostprocessing = 0;
		};
/* End PBXSourcesBuildPhase section */

/* Begin PBXTargetDependency section */
		4DE1B10D1A7740220004FF8C /* PBXTargetDependency */ = {
			isa = PBXTargetDependency;
			target = 4DE1B0F51A7740220004FF8C /* Calculator */;
			targetProxy = 4DE1B10C1A7740220004FF8C /* PBXContainerItemProxy */;
		};
/* End PBXTargetDependency section */

/* Begin PBXVariantGroup section */
		4DE1B0FF1A7740220004FF8C /* Main.storyboard */ = {
			isa = PBXVariantGroup;
			children = (
				4DE1B1001A7740220004FF8C /* Base */,
			);
			name = Main.storyboard;
			sourceTree = "<group>";
		};
		4DE1B1041A7740220004FF8C /* LaunchScreen.xib */ = {
			isa = PBXVariantGroup;
			children = (
				4DE1B1051A7740220004FF8C /* Base */,
			);
			name = LaunchScreen.xib;
			sourceTree = "<group>";
		};
/* End PBXVariantGroup section */

/* Begin XCBuildConfiguration section */
		4DE1B1131A7740220004FF8C /* Debug */ = {
			isa = XCBuildConfiguration;
			buildSettings = {
				ALWAYS_SEARCH_USER_PATHS = NO;
				CLANG_CXX_LANGUAGE_STANDARD = "gnu++0x";
				CLANG_CXX_LIBRARY = "libc++";
				CLANG_ENABLE_MODULES = YES;
				CLANG_ENABLE_OBJC_ARC = YES;
				CLANG_WARN_BOOL_CONVERSION = YES;
				CLANG_WARN_CONSTANT_CONVERSION = YES;
				CLANG_WARN_DIRECT_OBJC_ISA_USAGE = YES_ERROR;
				CLANG_WARN_EMPTY_BODY = YES;
				CLANG_WARN_ENUM_CONVERSION = YES;
				CLANG_WARN_INT_CONVERSION = YES;
				CLANG_WARN_OBJC_ROOT_CLASS = YES_ERROR;
				CLANG_WARN_UNREACHABLE_CODE = YES;
				CLANG_WARN__DUPLICATE_METHOD_MATCH = YES;
				"CODE_SIGN_IDENTITY[sdk=iphoneos*]" = "iPhone Developer";
				COPY_PHASE_STRIP = NO;
				ENABLE_STRICT_OBJC_MSGSEND = YES;
				GCC_C_LANGUAGE_STANDARD = gnu99;
				GCC_DYNAMIC_NO_PIC = NO;
				GCC_OPTIMIZATION_LEVEL = 0;
				GCC_PREPROCESSOR_DEFINITIONS = (
					"DEBUG=1",
					"$(inherited)",
				);
				GCC_SYMBOLS_PRIVATE_EXTERN = NO;
				GCC_WARN_64_TO_32_BIT_CONVERSION = YES;
				GCC_WARN_ABOUT_RETURN_TYPE = YES_ERROR;
				GCC_WARN_UNDECLARED_SELECTOR = YES;
				GCC_WARN_UNINITIALIZED_AUTOS = YES_AGGRESSIVE;
				GCC_WARN_UNUSED_FUNCTION = YES;
				GCC_WARN_UNUSED_VARIABLE = YES;
				IPHONEOS_DEPLOYMENT_TARGET = 8.1;
				MTL_ENABLE_DEBUG_INFO = YES;
				ONLY_ACTIVE_ARCH = YES;
				SDKROOT = iphoneos;
				SWIFT_OPTIMIZATION_LEVEL = "-Onone";
				TARGETED_DEVICE_FAMILY = "1,2";
			};
			name = Debug;
		};
		4DE1B1141A7740220004FF8C /* Release */ = {
			isa = XCBuildConfiguration;
			buildSettings = {
				ALWAYS_SEARCH_USER_PATHS = NO;
				CLANG_CXX_LANGUAGE_STANDARD = "gnu++0x";
				CLANG_CXX_LIBRARY = "libc++";
				CLANG_ENABLE_MODULES = YES;
				CLANG_ENABLE_OBJC_ARC = YES;
				CLANG_WARN_BOOL_CONVERSION = YES;
				CLANG_WARN_CONSTANT_CONVERSION = YES;
				CLANG_WARN_DIRECT_OBJC_ISA_USAGE = YES_ERROR;
				CLANG_WARN_EMPTY_BODY = YES;
				CLANG_WARN_ENUM_CONVERSION = YES;
				CLANG_WARN_INT_CONVERSION = YES;
				CLANG_WARN_OBJC_ROOT_CLASS = YES_ERROR;
				CLANG_WARN_UNREACHABLE_CODE = YES;
				CLANG_WARN__DUPLICATE_METHOD_MATCH = YES;
				"CODE_SIGN_IDENTITY[sdk=iphoneos*]" = "iPhone Developer";
				COPY_PHASE_STRIP = YES;
				ENABLE_NS_ASSERTIONS = NO;
				ENABLE_STRICT_OBJC_MSGSEND = YES;
				GCC_C_LANGUAGE_STANDARD = gnu99;
				GCC_WARN_64_TO_32_BIT_CONVERSION = YES;
				GCC_WARN_ABOUT_RETURN_TYPE = YES_ERROR;
				GCC_WARN_UNDECLARED_SELECTOR = YES;
				GCC_WARN_UNINITIALIZED_AUTOS = YES_AGGRESSIVE;
				GCC_WARN_UNUSED_FUNCTION = YES;
				GCC_WARN_UNUSED_VARIABLE = YES;
				IPHONEOS_DEPLOYMENT_TARGET = 8.1;
				MTL_ENABLE_DEBUG_INFO = NO;
				SDKROOT = iphoneos;
				TARGETED_DEVICE_FAMILY = "1,2";
				VALIDATE_PRODUCT = YES;
			};
			name = Release;
		};
		4DE1B1161A7740220004FF8C /* Debug */ = {
			isa = XCBuildConfiguration;
			buildSettings = {
				ASSETCATALOG_COMPILER_APPICON_NAME = AppIcon;
				INFOPLIST_FILE = Calculator/Info.plist;
				LD_RUNPATH_SEARCH_PATHS = "$(inherited) @executable_path/Frameworks";
				PRODUCT_NAME = "$(TARGET_NAME)";
			};
			name = Debug;
		};
		4DE1B1171A7740220004FF8C /* Release */ = {
			isa = XCBuildConfiguration;
			buildSettings = {
				ASSETCATALOG_COMPILER_APPICON_NAME = AppIcon;
				INFOPLIST_FILE = Calculator/Info.plist;
				LD_RUNPATH_SEARCH_PATHS = "$(inherited) @executable_path/Frameworks";
				PRODUCT_NAME = "$(TARGET_NAME)";
			};
			name = Release;
		};
		4DE1B1191A7740220004FF8C /* Debug */ = {
			isa = XCBuildConfiguration;
			buildSettings = {
				BUNDLE_LOADER = "$(TEST_HOST)";
				FRAMEWORK_SEARCH_PATHS = (
					"$(SDKROOT)/Developer/Library/Frameworks",
					"$(inherited)",
				);
				GCC_PREPROCESSOR_DEFINITIONS = (
					"DEBUG=1",
					"$(inherited)",
				);
				INFOPLIST_FILE = CalculatorTests/Info.plist;
				LD_RUNPATH_SEARCH_PATHS = "$(inherited) @executable_path/Frameworks @loader_path/Frameworks";
				PRODUCT_NAME = "$(TARGET_NAME)";
				TEST_HOST = "$(BUILT_PRODUCTS_DIR)/Calculator.app/Calculator";
			};
			name = Debug;
		};
		4DE1B11A1A7740220004FF8C /* Release */ = {
			isa = XCBuildConfiguration;
			buildSettings = {
				BUNDLE_LOADER = "$(TEST_HOST)";
				FRAMEWORK_SEARCH_PATHS = (
					"$(SDKROOT)/Developer/Library/Frameworks",
					"$(inherited)",
				);
				INFOPLIST_FILE = CalculatorTests/Info.plist;
				LD_RUNPATH_SEARCH_PATHS = "$(inherited) @executable_path/Frameworks @loader_path/Frameworks";
				PRODUCT_NAME = "$(TARGET_NAME)";
				TEST_HOST = "$(BUILT_PRODUCTS_DIR)/Calculator.app/Calculator";
			};
			name = Release;
		};
/* End XCBuildConfiguration section */

/* Begin XCConfigurationList section */
		4DE1B0F11A7740220004FF8C /* Build configuration list for PBXProject "Calculator" */ = {
			isa = XCConfigurationList;
			buildConfigurations = (
				4DE1B1131A7740220004FF8C /* Debug */,
				4DE1B1141A7740220004FF8C /* Release */,
			);
			defaultConfigurationIsVisible = 0;
			defaultConfigurationName = Release;
		};
		4DE1B1151A7740220004FF8C /* Build configuration list for PBXNativeTarget "Calculator" */ = {
			isa = XCConfigurationList;
			buildConfigurations = (
				4DE1B1161A7740220004FF8C /* Debug */,
				4DE1B1171A7740220004FF8C /* Release */,
			);
			defaultConfigurationIsVisible = 0;
		};
		4DE1B1181A7740220004FF8C /* Build configuration list for PBXNativeTarget "CalculatorTests" */ = {
			isa = XCConfigurationList;
			buildConfigurations = (
				4DE1B1191A7740220004FF8C /* Debug */,
				4DE1B11A1A7740220004FF8C /* Release */,
			);
			defaultConfigurationIsVisible = 0;
		};
/* End XCConfigurationList section */
	};
	rootObject = 4DE1B0EE1A7740220004FF8C /* Project object */;
}
